# THIS IS AN AUTOGENERATED FILE. DO NOT EDIT THIS FILE DIRECTLY.
# yarn lockfile v1


"@mdi/js@^7.4.47":
  version "7.4.47"
  resolved "https://registry.yarnpkg.com/@mdi/js/-/js-7.4.47.tgz#7d8a4edc9631bffeed80d1ec784f9beae559a76a"
  integrity sha512-KPnNOtm5i2pMabqZxpUz7iQf+mfrYZyKCZ8QNz85czgEt7cuHcGorWfdzUMWYA0SD+a6Hn4FmJ+YhzzzjkTZrQ==
